
Microsoft Visual Studio Solution File, Format Version 12.00
# Visual Studio Version 16
VisualStudioVersion = 16.0.30907.101
MinimumVisualStudioVersion = 10.0.40219.1
Project("{FAE04EC0-301F-11D3-BF4B-00C04F79EFBC}") = "ClassMetotDemo", "ClassMetotDemo\ClassMetotDemo.csproj", "{58EC9209-5AF3-444F-8B3B-4E896E9A7343}"
EndProject
Global
	GlobalSection(SolutionConfigurationPlatforms) = preSolution
		Debug|Any CPU = Debug|Any CPU
		Release|Any CPU = Release|Any CPU
	EndGlobalSection
	GlobalSection(ProjectConfigurationPlatforms) = postSolution
		{58EC9209-5AF3-444F-8B3B-4E896E9A7343}.Debug|Any CPU.ActiveCfg = Debug|Any CPU
		{58EC9209-5AF3-444F-8B3B-4E896E9A7343}.Debug|Any CPU.Build.0 = Debug|Any CPU
		{58EC9209-5AF3-444F-8B3B-4E896E9A7343}.Release|Any CPU.ActiveCfg = Release|Any CPU
		{58EC9209-5AF3-444F-8B3B-4E896E9A7343}.Release|Any CPU.Build.0 = Release|Any CPU
	EndGlobalSection
	GlobalSection(SolutionProperties) = preSolution
		HideSolutionNode = FALSE
	EndGlobalSection
	GlobalSection(ExtensibilityGlobals) = postSolution
		SolutionGuid = {A9587F61-1B64-470D-A183-3479C0DB0F42}
	EndGlobalSection
EndGlobal
